
Microsoft Visual Studio Solution File, Format Version 12.00
# Visual Studio Version 17
VisualStudioVersion = 17.0.31903.59
MinimumVisualStudioVersion = 10.0.40219.1
Project("{9A19103F-16F7-4668-BE54-9A1E7A4F7556}") = "WebApi", "WebApi\WebApi.csproj", "{62AA4C5C-4AEF-4F44-9C0E-46E8C6F2785E}"
EndProject
Project("{9A19103F-16F7-4668-BE54-9A1E7A4F7556}") = "Entities", "Entities\Entities.csproj", "{E620C656-47D4-4275-9D0C-805A7468D5EB}"
EndProject
Project("{9A19103F-16F7-4668-BE54-9A1E7A4F7556}") = "Repositories", "Repositories\Repositories.csproj", "{C3CD411E-BEAF-483A-B717-7F38FED21AF6}"
EndProject
Project("{FAE04EC0-301F-11D3-BF4B-00C04F79EFBC}") = "Services", "Services\Services.csproj", "{28480652-B398-4BA2-B1BB-228D72958FAB}"
EndProject
Global
	GlobalSection(SolutionConfigurationPlatforms) = preSolution
		Debug|Any CPU = Debug|Any CPU
		Release|Any CPU = Release|Any CPU
	EndGlobalSection
	GlobalSection(ProjectConfigurationPlatforms) = postSolution
		{62AA4C5C-4AEF-4F44-9C0E-46E8C6F2785E}.Debug|Any CPU.ActiveCfg = Debug|Any CPU
		{62AA4C5C-4AEF-4F44-9C0E-46E8C6F2785E}.Debug|Any CPU.Build.0 = Debug|Any CPU
		{62AA4C5C-4AEF-4F44-9C0E-46E8C6F2785E}.Release|Any CPU.ActiveCfg = Release|Any CPU
		{62AA4C5C-4AEF-4F44-9C0E-46E8C6F2785E}.Release|Any CPU.Build.0 = Release|Any CPU
		{E620C656-47D4-4275-9D0C-805A7468D5EB}.Debug|Any CPU.ActiveCfg = Debug|Any CPU
		{E620C656-47D4-4275-9D0C-805A7468D5EB}.Debug|Any CPU.Build.0 = Debug|Any CPU
		{E620C656-47D4-4275-9D0C-805A7468D5EB}.Release|Any CPU.ActiveCfg = Release|Any CPU
		{E620C656-47D4-4275-9D0C-805A7468D5EB}.Release|Any CPU.Build.0 = Release|Any CPU
		{C3CD411E-BEAF-483A-B717-7F38FED21AF6}.Debug|Any CPU.ActiveCfg = Debug|Any CPU
		{C3CD411E-BEAF-483A-B717-7F38FED21AF6}.Debug|Any CPU.Build.0 = Debug|Any CPU
		{C3CD411E-BEAF-483A-B717-7F38FED21AF6}.Release|Any CPU.ActiveCfg = Release|Any CPU
		{C3CD411E-BEAF-483A-B717-7F38FED21AF6}.Release|Any CPU.Build.0 = Release|Any CPU
		{28480652-B398-4BA2-B1BB-228D72958FAB}.Debug|Any CPU.ActiveCfg = Debug|Any CPU
		{28480652-B398-4BA2-B1BB-228D72958FAB}.Debug|Any CPU.Build.0 = Debug|Any CPU
		{28480652-B398-4BA2-B1BB-228D72958FAB}.Release|Any CPU.ActiveCfg = Release|Any CPU
		{28480652-B398-4BA2-B1BB-228D72958FAB}.Release|Any CPU.Build.0 = Release|Any CPU
	EndGlobalSection
	GlobalSection(SolutionProperties) = preSolution
		HideSolutionNode = FALSE
	EndGlobalSection
	GlobalSection(ExtensibilityGlobals) = postSolution
		SolutionGuid = {B443084B-80C1-4C52-8984-8C5281D8435D}
	EndGlobalSection
EndGlobal
